// !$*UTF8*$!
{
	archiveVersion = 1;
	classes = {
	};
	objectVersion = 46;
	objects = {

/* Begin PBXBuildFile section */
		B33A085E1ED3DB6500426853 /* AppDelegate.swift in Sources */ = {isa = PBXBuildFile; fileRef = B33A085D1ED3DB6500426853 /* AppDelegate.swift */; };
		B33A08601ED3DB6500426853 /* ViewController.swift in Sources */ = {isa = PBXBuildFile; fileRef = B33A085F1ED3DB6500426853 /* ViewController.swift */; };
		B33A08631ED3DB6500426853 /* Main.storyboard in Resources */ = {isa = PBXBuildFile; fileRef = B33A08611ED3DB6500426853 /* Main.storyboard */; };
		B33A08651ED3DB6500426853 /* Assets.xcassets in Resources */ = {isa = PBXBuildFile; fileRef = B33A08641ED3DB6500426853 /* Assets.xcassets */; };
		B33A08681ED3DB6500426853 /* LaunchScreen.storyboard in Resources */ = {isa = PBXBuildFile; fileRef = B33A08661ED3DB6500426853 /* LaunchScreen.storyboard */; };
		B33A08701ED3DBF700426853 /* swift.png in Resources */ = {isa = PBXBuildFile; fileRef = B33A086F1ED3DBF700426853 /* swift.png */; };
/* End PBXBuildFile section */

/* Begin PBXFileReference section */
		B33A085A1ED3DB6500426853 /* GetStarted.app */ = {isa = PBXFileReference; explicitFileType = wrapper.application; includeInIndex = 0; path = GetStarted.app; sourceTree = BUILT_PRODUCTS_DIR; };
		B33A085D1ED3DB6500426853 /* AppDelegate.swift */ = {isa = PBXFileReference; lastKnownFileType = sourcecode.swift; path = AppDelegate.swift; sourceTree = "<group>"; };
		B33A085F1ED3DB6500426853 /* ViewController.swift */ = {isa = PBXFileReference; lastKnownFileType = sourcecode.swift; path = ViewController.swift; sourceTree = "<group>"; };
		B33A08621ED3DB6500426853 /* Base */ = {isa = PBXFileReference; lastKnownFileType = file.storyboard; name = Base; path = Base.lproj/Main.storyboard; sourceTree = "<group>"; };
		B33A08641ED3DB6500426853 /* Assets.xcassets */ = {isa = PBXFileReference; lastKnownFileType = folder.assetcatalog; path = Assets.xcassets; sourceTree = "<group>"; };
		B33A08671ED3DB6500426853 /* Base */ = {isa = PBXFileReference; lastKnownFileType = file.storyboard; name = Base; path = Base.lproj/LaunchScreen.storyboard; sourceTree = "<group>"; };
		B33A08691ED3DB6500426853 /* Info.plist */ = {isa = PBXFileReference; lastKnownFileType = text.plist.xml; path = Info.plist; sourceTree = "<group>"; };
		B33A086F1ED3DBF700426853 /* swift.png */ = {isa = PBXFileReference; lastKnownFileType = image.png; path = swift.png; sourceTree = "<group>"; };
		B371D4BD1ED4707600AFD634 /* MyPlayground.playground */ = {isa = PBXFileReference; lastKnownFileType = file.playground; path = MyPlayground.playground; sourceTree = "<group>"; };
/* End PBXFileReference section */

/* Begin PBXFrameworksBuildPhase section */
		B33A08571ED3DB6500426853 /* Frameworks */ = {
			isa = PBXFrameworksBuildPhase;
			buildActionMask = 2147483647;
			files = (
			);
			runOnlyForDeploymentPostprocessing = 0;
		};
/* End PBXFrameworksBuildPhase section */

/* Begin PBXGroup section */
		B33A08511ED3DB6500426853 = {
			isa = PBXGroup;
			children = (
				B33A085C1ED3DB6500426853 /* GetStarted */,
				B33A085B1ED3DB6500426853 /* Products */,
			);
			sourceTree = "<group>";
		};
		B33A085B1ED3DB6500426853 /* Products */ = {
			isa = PBXGroup;
			children = (
				B33A085A1ED3DB6500426853 /* GetStarted.app */,
			);
			name = Products;
			sourceTree = "<group>";
		};
		B33A085C1ED3DB6500426853 /* GetStarted */ = {
			isa = PBXGroup;
			children = (
				B33A086F1ED3DBF700426853 /* swift.png */,
				B33A085D1ED3DB6500426853 /* AppDelegate.swift */,
				B33A085F1ED3DB6500426853 /* ViewController.swift */,
				B33A08611ED3DB6500426853 /* Main.storyboard */,
				B33A08641ED3DB6500426853 /* Assets.xcassets */,
				B33A08661ED3DB6500426853 /* LaunchScreen.storyboard */,
				B33A08691ED3DB6500426853 /* Info.plist */,
				B371D4BD1ED4707600AFD634 /* MyPlayground.playground */,
			);
			path = GetStarted;
			sourceTree = "<group>";
		};
/* End PBXGroup section */

/* Begin PBXNativeTarget section */
		B33A08591ED3DB6500426853 /* GetStarted */ = {
			isa = PBXNativeTarget;
			buildConfigurationList = B33A086C1ED3DB6500426853 /* Build configuration list for PBXNativeTarget "GetStarted" */;
			buildPhases = (
				B33A08561ED3DB6500426853 /* Sources */,
				B33A08571ED3DB6500426853 /* Frameworks */,
				B33A08581ED3DB6500426853 /* Resources */,
			);
			buildRules = (
			);
			dependencies = (
			);
			name = GetStarted;
			productName = GetStarted;
			productReference = B33A085A1ED3DB6500426853 /* GetStarted.app */;
			productType = "com.apple.product-type.application";
		};
/* End PBXNativeTarget section */

/* Begin PBXProject section */
		B33A08521ED3DB6500426853 /* Project object */ = {
			isa = PBXProject;
			attributes = {
				LastSwiftUpdateCheck = 0830;
				LastUpgradeCheck = 0830;
				ORGANIZATIONNAME = LearnSwiftSD;
				TargetAttributes = {
					B33A08591ED3DB6500426853 = {
						CreatedOnToolsVersion = 8.3.2;
						ProvisioningStyle = Automatic;
					};
				};
			};
			buildConfigurationList = B33A08551ED3DB6500426853 /* Build configuration list for PBXProject "GetStarted" */;
			compatibilityVersion = "Xcode 3.2";
			developmentRegion = English;
			hasScannedForEncodings = 0;
			knownRegions = (
				English,
				en,
				Base,
			);
			mainGroup = B33A08511ED3DB6500426853;
			productRefGroup = B33A085B1ED3DB6500426853 /* Products */;
			projectDirPath = "";
			projectRoot = "";
			targets = (
				B33A08591ED3DB6500426853 /* GetStarted */,
			);
		};
/* End PBXProject section */

/* Begin PBXResourcesBuildPhase section */
		B33A08581ED3DB6500426853 /* Resources */ = {
			isa = PBXResourcesBuildPhase;
			buildActionMask = 2147483647;
			files = (
				B33A08681ED3DB6500426853 /* LaunchScreen.storyboard in Resources */,
				B33A08651ED3DB6500426853 /* Assets.xcassets in Resources */,
				B33A08631ED3DB6500426853 /* Main.storyboard in Resources */,
				B33A08701ED3DBF700426853 /* swift.png in Resources */,
			);
			runOnlyForDeploymentPostprocessing = 0;
		};
/* End PBXResourcesBuildPhase section */

/* Begin PBXSourcesBuildPhase section */
		B33A08561ED3DB6500426853 /* Sources */ = {
			isa = PBXSourcesBuildPhase;
			buildActionMask = 2147483647;
			files = (
				B33A08601ED3DB6500426853 /* ViewController.swift in Sources */,
				B33A085E1ED3DB6500426853 /* AppDelegate.swift in Sources */,
			);
			runOnlyForDeploymentPostprocessing = 0;
		};
/* End PBXSourcesBuildPhase section */

/* Begin PBXVariantGroup section */
		B33A08611ED3DB6500426853 /* Main.storyboard */ = {
			isa = PBXVariantGroup;
			children = (
				B33A08621ED3DB6500426853 /* Base */,
			);
			name = Main.storyboard;
			sourceTree = "<group>";
		};
		B33A08661ED3DB6500426853 /* LaunchScreen.storyboard */ = {
			isa = PBXVariantGroup;
			children = (
				B33A08671ED3DB6500426853 /* Base */,
			);
			name = LaunchScreen.storyboard;
			sourceTree = "<group>";
		};
/* End PBXVariantGroup section */

/* Begin XCBuildConfiguration section */
		B33A086A1ED3DB6500426853 /* Debug */ = {
			isa = XCBuildConfiguration;
			buildSettings = {
				ALWAYS_SEARCH_USER_PATHS = NO;
				CLANG_ANALYZER_NONNULL = YES;
				CLANG_ANALYZER_NUMBER_OBJECT_CONVERSION = YES_AGGRESSIVE;
				CLANG_CXX_LANGUAGE_STANDARD = "gnu++0x";
				CLANG_CXX_LIBRARY = "libc++";
				CLANG_ENABLE_MODULES = YES;
				CLANG_ENABLE_OBJC_ARC = YES;
				CLANG_WARN_BOOL_CONVERSION = YES;
				CLANG_WARN_CONSTANT_CONVERSION = YES;
				CLANG_WARN_DIRECT_OBJC_ISA_USAGE = YES_ERROR;
				CLANG_WARN_DOCUMENTATION_COMMENTS = YES;
				CLANG_WARN_EMPTY_BODY = YES;
				CLANG_WARN_ENUM_CONVERSION = YES;
				CLANG_WARN_INFINITE_RECURSION = YES;
				CLANG_WARN_INT_CONVERSION = YES;
				CLANG_WARN_OBJC_ROOT_CLASS = YES_ERROR;
				CLANG_WARN_SUSPICIOUS_MOVE = YES;
				CLANG_WARN_UNREACHABLE_CODE = YES;
				CLANG_WARN__DUPLICATE_METHOD_MATCH = YES;
				"CODE_SIGN_IDENTITY[sdk=iphoneos*]" = "iPhone Developer";
				COPY_PHASE_STRIP = NO;
				DEBUG_INFORMATION_FORMAT = dwarf;
				ENABLE_STRICT_OBJC_MSGSEND = YES;
				ENABLE_TESTABILITY = YES;
				GCC_C_LANGUAGE_STANDARD = gnu99;
				GCC_DYNAMIC_NO_PIC = NO;
				GCC_NO_COMMON_BLOCKS = YES;
				GCC_OPTIMIZATION_LEVEL = 0;
				GCC_PREPROCESSOR_DEFINITIONS = (
					"DEBUG=1",
					"$(inherited)",
				);
				GCC_WARN_64_TO_32_BIT_CONVERSION = YES;
				GCC_WARN_ABOUT_RETURN_TYPE = YES_ERROR;
				GCC_WARN_UNDECLARED_SELECTOR = YES;
				GCC_WARN_UNINITIALIZED_AUTOS = YES_AGGRESSIVE;
				GCC_WARN_UNUSED_FUNCTION = YES;
				GCC_WARN_UNUSED_VARIABLE = YES;
				IPHONEOS_DEPLOYMENT_TARGET = 10.3;
				MTL_ENABLE_DEBUG_INFO = YES;
				ONLY_ACTIVE_ARCH = YES;
				SDKROOT = iphoneos;
				SWIFT_ACTIVE_COMPILATION_CONDITIONS = DEBUG;
				SWIFT_OPTIMIZATION_LEVEL = "-Onone";
				TARGETED_DEVICE_FAMILY = "1,2";
			};
			name = Debug;
		};
		B33A086B1ED3DB6500426853 /* Release */ = {
			isa = XCBuildConfiguration;
			buildSettings = {
				ALWAYS_SEARCH_USER_PATHS = NO;
				CLANG_ANALYZER_NONNULL = YES;
				CLANG_ANALYZER_NUMBER_OBJECT_CONVERSION = YES_AGGRESSIVE;
				CLANG_CXX_LANGUAGE_STANDARD = "gnu++0x";
				CLANG_CXX_LIBRARY = "libc++";
				CLANG_ENABLE_MODULES = YES;
				CLANG_ENABLE_OBJC_ARC = YES;
				CLANG_WARN_BOOL_CONVERSION = YES;
				CLANG_WARN_CONSTANT_CONVERSION = YES;
				CLANG_WARN_DIRECT_OBJC_ISA_USAGE = YES_ERROR;
				CLANG_WARN_DOCUMENTATION_COMMENTS = YES;
				CLANG_WARN_EMPTY_BODY = YES;
				CLANG_WARN_ENUM_CONVERSION = YES;
				CLANG_WARN_INFINITE_RECURSION = YES;
				CLANG_WARN_INT_CONVERSION = YES;
				CLANG_WARN_OBJC_ROOT_CLASS = YES_ERROR;
				CLANG_WARN_SUSPICIOUS_MOVE = YES;
				CLANG_WARN_UNREACHABLE_CODE = YES;
				CLANG_WARN__DUPLICATE_METHOD_MATCH = YES;
				"CODE_SIGN_IDENTITY[sdk=iphoneos*]" = "iPhone Developer";
				COPY_PHASE_STRIP = NO;
				DEBUG_INFORMATION_FORMAT = "dwarf-with-dsym";
				ENABLE_NS_ASSERTIONS = NO;
				ENABLE_STRICT_OBJC_MSGSEND = YES;
				GCC_C_LANGUAGE_STANDARD = gnu99;
				GCC_NO_COMMON_BLOCKS = YES;
				GCC_WARN_64_TO_32_BIT_CONVERSION = YES;
				GCC_WARN_ABOUT_RETURN_TYPE = YES_ERROR;
				GCC_WARN_UNDECLARED_SELECTOR = YES;
				GCC_WARN_UNINITIALIZED_AUTOS = YES_AGGRESSIVE;
				GCC_WARN_UNUSED_FUNCTION = YES;
				GCC_WARN_UNUSED_VARIABLE = YES;
				IPHONEOS_DEPLOYMENT_TARGET = 10.3;
				MTL_ENABLE_DEBUG_INFO = NO;
				SDKROOT = iphoneos;
				SWIFT_OPTIMIZATION_LEVEL = "-Owholemodule";
				TARGETED_DEVICE_FAMILY = "1,2";
				VALIDATE_PRODUCT = YES;
			};
			name = Release;
		};
		B33A086D1ED3DB6500426853 /* Debug */ = {
			isa = XCBuildConfiguration;
			buildSettings = {
				ASSETCATALOG_COMPILER_APPICON_NAME = AppIcon;
				INFOPLIST_FILE = GetStarted/Info.plist;
				LD_RUNPATH_SEARCH_PATHS = "$(inherited) @executable_path/Frameworks";
				PRODUCT_BUNDLE_IDENTIFIER = com.learnSwiftSD.GetStarted;
				PRODUCT_NAME = "$(TARGET_NAME)";
				SWIFT_VERSION = 5.0;
			};
			name = Debug;
		};
		B33A086E1ED3DB6500426853 /* Release */ = {
			isa = XCBuildConfiguration;
			buildSettings = {
				ASSETCATALOG_COMPILER_APPICON_NAME = AppIcon;
				INFOPLIST_FILE = GetStarted/Info.plist;
				LD_RUNPATH_SEARCH_PATHS = "$(inherited) @executable_path/Frameworks";
				PRODUCT_BUNDLE_IDENTIFIER = com.learnSwiftSD.GetStarted;
				PRODUCT_NAME = "$(TARGET_NAME)";
				SWIFT_VERSION = 5.0;
			};
			name = Release;
		};
/* End XCBuildConfiguration section */

/* Begin XCConfigurationList section */
		B33A08551ED3DB6500426853 /* Build configuration list for PBXProject "GetStarted" */ = {
			isa = XCConfigurationList;
			buildConfigurations = (
				B33A086A1ED3DB6500426853 /* Debug */,
				B33A086B1ED3DB6500426853 /* Release */,
			);
			defaultConfigurationIsVisible = 0;
			defaultConfigurationName = Release;
		};
		B33A086C1ED3DB6500426853 /* Build configuration list for PBXNativeTarget "GetStarted" */ = {
			isa = XCConfigurationList;
			buildConfigurations = (
				B33A086D1ED3DB6500426853 /* Debug */,
				B33A086E1ED3DB6500426853 /* Release */,
			);
			defaultConfigurationIsVisible = 0;
			defaultConfigurationName = Release;
		};
/* End XCConfigurationList section */
	};
	rootObject = B33A08521ED3DB6500426853 /* Project object */;
}
